
Microsoft Visual Studio Solution File, Format Version 12.00
# Visual Studio Version 16
VisualStudioVersion = 16.0.30309.148
MinimumVisualStudioVersion = 10.0.40219.1
Project("{F184B08F-C81C-45F6-A57F-5ABD9991F28F}") = "PEMtoXML", "PEMtoXML\PEMtoXML.vbproj", "{2C8EB0A6-1FA0-4CAA-89BE-8DBCB79E9113}"
EndProject
Global
	GlobalSection(SolutionConfigurationPlatforms) = preSolution
		Debug|Any CPU = Debug|Any CPU
		Release|Any CPU = Release|Any CPU
	EndGlobalSection
	GlobalSection(ProjectConfigurationPlatforms) = postSolution
		{2C8EB0A6-1FA0-4CAA-89BE-8DBCB79E9113}.Debug|Any CPU.ActiveCfg = Debug|Any CPU
		{2C8EB0A6-1FA0-4CAA-89BE-8DBCB79E9113}.Debug|Any CPU.Build.0 = Debug|Any CPU
		{2C8EB0A6-1FA0-4CAA-89BE-8DBCB79E9113}.Release|Any CPU.ActiveCfg = Release|Any CPU
		{2C8EB0A6-1FA0-4CAA-89BE-8DBCB79E9113}.Release|Any CPU.Build.0 = Release|Any CPU
	EndGlobalSection
	GlobalSection(SolutionProperties) = preSolution
		HideSolutionNode = FALSE
	EndGlobalSection
	GlobalSection(ExtensibilityGlobals) = postSolution
		SolutionGuid = {50A30ABB-0571-44FA-BD00-CBA7E97E0F3E}
	EndGlobalSection
EndGlobal
